
Microsoft Visual Studio Solution File, Format Version 12.00
# Visual Studio Version 16
VisualStudioVersion = 16.0.31313.79
MinimumVisualStudioVersion = 10.0.40219.1
Project("{FAE04EC0-301F-11D3-BF4B-00C04F79EFBC}") = "DnK_Game", "DnK_Game\DnK_Game.csproj", "{CD6C9FFD-36A0-4351-ACEE-DF89D4419D86}"
EndProject
Global
	GlobalSection(SolutionConfigurationPlatforms) = preSolution
		Debug|Any CPU = Debug|Any CPU
		Release|Any CPU = Release|Any CPU
	EndGlobalSection
	GlobalSection(ProjectConfigurationPlatforms) = postSolution
		{CD6C9FFD-36A0-4351-ACEE-DF89D4419D86}.Debug|Any CPU.ActiveCfg = Debug|Any CPU
		{CD6C9FFD-36A0-4351-ACEE-DF89D4419D86}.Debug|Any CPU.Build.0 = Debug|Any CPU
		{CD6C9FFD-36A0-4351-ACEE-DF89D4419D86}.Release|Any CPU.ActiveCfg = Release|Any CPU
		{CD6C9FFD-36A0-4351-ACEE-DF89D4419D86}.Release|Any CPU.Build.0 = Release|Any CPU
	EndGlobalSection
	GlobalSection(SolutionProperties) = preSolution
		HideSolutionNode = FALSE
	EndGlobalSection
	GlobalSection(ExtensibilityGlobals) = postSolution
		SolutionGuid = {F9D91D8D-7C53-4018-BDC4-832AEB1396CF}
	EndGlobalSection
EndGlobal
